
Microsoft Visual Studio Solution File, Format Version 12.00
# Visual Studio 15
VisualStudioVersion = 15.0.28307.1831
MinimumVisualStudioVersion = 10.0.40219.1
Project("{FAE04EC0-301F-11D3-BF4B-00C04F79EFBC}") = "WindowsFormsApp1", "WindowsFormsApp1\WindowsFormsApp1.csproj", "{B21CDBC6-620D-4320-9DFF-CC9A5E3DCD58}"
EndProject
Global
	GlobalSection(SolutionConfigurationPlatforms) = preSolution
		Debug|Any CPU = Debug|Any CPU
		Release|Any CPU = Release|Any CPU
	EndGlobalSection
	GlobalSection(ProjectConfigurationPlatforms) = postSolution
		{B21CDBC6-620D-4320-9DFF-CC9A5E3DCD58}.Debug|Any CPU.ActiveCfg = Debug|Any CPU
		{B21CDBC6-620D-4320-9DFF-CC9A5E3DCD58}.Debug|Any CPU.Build.0 = Debug|Any CPU
		{B21CDBC6-620D-4320-9DFF-CC9A5E3DCD58}.Release|Any CPU.ActiveCfg = Release|Any CPU
		{B21CDBC6-620D-4320-9DFF-CC9A5E3DCD58}.Release|Any CPU.Build.0 = Release|Any CPU
	EndGlobalSection
	GlobalSection(SolutionProperties) = preSolution
		HideSolutionNode = FALSE
	EndGlobalSection
	GlobalSection(ExtensibilityGlobals) = postSolution
		SolutionGuid = {608D2830-DF96-405B-9024-94CAD9E04055}
	EndGlobalSection
EndGlobal
